// !$*UTF8*$!
{
	archiveVersion = 1;
	classes = {
	};
	objectVersion = 46;
	objects = {

/* Begin PBXBuildFile section */
		4D9C7363163A80180090A150 /* RegexKitLite.m in Sources */ = {isa = PBXBuildFile; fileRef = 4D9C7362163A80180090A150 /* RegexKitLite.m */; settings = {COMPILER_FLAGS = "-fno-objc-arc"; }; };
		4D9C7366163A80590090A150 /* README in Resources */ = {isa = PBXBuildFile; fileRef = 4D9C7365163A80590090A150 /* README */; };
		4DA193E416341BC400325372 /* FileUtil.m in Sources */ = {isa = PBXBuildFile; fileRef = 4DA193E316341BC400325372 /* FileUtil.m */; };
		4DA193F11634234700325372 /* FMDatabase.m in Sources */ = {isa = PBXBuildFile; fileRef = 4DA193E81634234700325372 /* FMDatabase.m */; };
		4DA193F21634234700325372 /* FMDatabaseAdditions.m in Sources */ = {isa = PBXBuildFile; fileRef = 4DA193EA1634234700325372 /* FMDatabaseAdditions.m */; };
		4DA193F31634234700325372 /* FMDatabasePool.m in Sources */ = {isa = PBXBuildFile; fileRef = 4DA193EC1634234700325372 /* FMDatabasePool.m */; };
		4DA193F41634234700325372 /* FMDatabaseQueue.m in Sources */ = {isa = PBXBuildFile; fileRef = 4DA193EE1634234700325372 /* FMDatabaseQueue.m */; };
		4DA193F51634234700325372 /* FMResultSet.m in Sources */ = {isa = PBXBuildFile; fileRef = 4DA193F01634234700325372 /* FMResultSet.m */; };
		4DA196F61631882D002FDA09 /* UIKit.framework in Frameworks */ = {isa = PBXBuildFile; fileRef = 4DA196F51631882D002FDA09 /* UIKit.framework */; };
		4DA196F81631882D002FDA09 /* Foundation.framework in Frameworks */ = {isa = PBXBuildFile; fileRef = 4DA196F71631882D002FDA09 /* Foundation.framework */; };
		4DA196FA1631882D002FDA09 /* CoreGraphics.framework in Frameworks */ = {isa = PBXBuildFile; fileRef = 4DA196F91631882D002FDA09 /* CoreGraphics.framework */; };
		4DA197001631882D002FDA09 /* InfoPlist.strings in Resources */ = {isa = PBXBuildFile; fileRef = 4DA196FE1631882D002FDA09 /* InfoPlist.strings */; };
		4DA197021631882D002FDA09 /* main.m in Sources */ = {isa = PBXBuildFile; fileRef = 4DA197011631882D002FDA09 /* main.m */; };
		4DA197061631882D002FDA09 /* AppDelegate.m in Sources */ = {isa = PBXBuildFile; fileRef = 4DA197051631882D002FDA09 /* AppDelegate.m */; };
		4DA197091631882D002FDA09 /* MainStoryboard.storyboard in Resources */ = {isa = PBXBuildFile; fileRef = 4DA197071631882D002FDA09 /* MainStoryboard.storyboard */; };
		4DA1970C1631882D002FDA09 /* ViewController.m in Sources */ = {isa = PBXBuildFile; fileRef = 4DA1970B1631882D002FDA09 /* ViewController.m */; };
		4DA197141631882D002FDA09 /* SenTestingKit.framework in Frameworks */ = {isa = PBXBuildFile; fileRef = 4DA197131631882D002FDA09 /* SenTestingKit.framework */; };
		4DA197151631882D002FDA09 /* UIKit.framework in Frameworks */ = {isa = PBXBuildFile; fileRef = 4DA196F51631882D002FDA09 /* UIKit.framework */; };
		4DA197161631882D002FDA09 /* Foundation.framework in Frameworks */ = {isa = PBXBuildFile; fileRef = 4DA196F71631882D002FDA09 /* Foundation.framework */; };
		4DA1971E1631882D002FDA09 /* InfoPlist.strings in Resources */ = {isa = PBXBuildFile; fileRef = 4DA1971C1631882D002FDA09 /* InfoPlist.strings */; };
		4DA197211631882D002FDA09 /* UtilTestTests.m in Sources */ = {isa = PBXBuildFile; fileRef = 4DA197201631882D002FDA09 /* UtilTestTests.m */; };
		4DA19730163188E4002FDA09 /* SimpleNetwork.m in Sources */ = {isa = PBXBuildFile; fileRef = 4DA1972F163188E4002FDA09 /* SimpleNetwork.m */; };
		4DA1973316318A45002FDA09 /* Base64Util.m in Sources */ = {isa = PBXBuildFile; fileRef = 4DA1973216318A45002FDA09 /* Base64Util.m */; };
		4DA1973E16318C83002FDA09 /* UserSettingUtil.m in Sources */ = {isa = PBXBuildFile; fileRef = 4DA1973C16318C83002FDA09 /* UserSettingUtil.m */; };
		4DA19749163199F3002FDA09 /* BSD-LICENSE in Resources */ = {isa = PBXBuildFile; fileRef = 4DA19741163199F3002FDA09 /* BSD-LICENSE */; };
		4DA1974A163199F3002FDA09 /* R9AppDelegate.m in Sources */ = {isa = PBXBuildFile; fileRef = 4DA19743163199F3002FDA09 /* R9AppDelegate.m */; };
		4DA1974B163199F3002FDA09 /* R9HTTPRequest.m in Sources */ = {isa = PBXBuildFile; fileRef = 4DA19745163199F3002FDA09 /* R9HTTPRequest.m */; };
		4DA1974C163199F3002FDA09 /* SFHFKeychainUtils.m in Sources */ = {isa = PBXBuildFile; fileRef = 4DA19748163199F3002FDA09 /* SFHFKeychainUtils.m */; };
		4DA1974E16319C54002FDA09 /* MIT-LICENSE in Resources */ = {isa = PBXBuildFile; fileRef = 4DA1974D16319C54002FDA09 /* MIT-LICENSE */; };
		4DA197501631A5DC002FDA09 /* SystemConfiguration.framework in Frameworks */ = {isa = PBXBuildFile; fileRef = 4DA1974F1631A5DC002FDA09 /* SystemConfiguration.framework */; };
		4DA197521631A60C002FDA09 /* Security.framework in Frameworks */ = {isa = PBXBuildFile; fileRef = 4DA197511631A60C002FDA09 /* Security.framework */; };
		4DA197541631A632002FDA09 /* ReadMe in Resources */ = {isa = PBXBuildFile; fileRef = 4DA197531631A632002FDA09 /* ReadMe */; };
		4DA197581631AEFA002FDA09 /* NSString+Validate.m in Sources */ = {isa = PBXBuildFile; fileRef = 4DA197571631AEFA002FDA09 /* NSString+Validate.m */; };
		4DA253EF163588090049946F /* README in Resources */ = {isa = PBXBuildFile; fileRef = 4DA253EE163588090049946F /* README */; };
		4DA253F1163588480049946F /* libsqlite3.0.dylib in Frameworks */ = {isa = PBXBuildFile; fileRef = 4DA253F0163588480049946F /* libsqlite3.0.dylib */; };
		4DA2F4BC1636CBA6007325ED /* SimpleDBManager.m in Sources */ = {isa = PBXBuildFile; fileRef = 4DA2F4BB1636CBA6007325ED /* SimpleDBManager.m */; };
		4DA2F4C01636CDB8007325ED /* DataTableViewController.m in Sources */ = {isa = PBXBuildFile; fileRef = 4DA2F4BF1636CDB8007325ED /* DataTableViewController.m */; };
		4DA329541633B12F0011C80B /* UIImage+Edit.m in Sources */ = {isa = PBXBuildFile; fileRef = 4DA329531633B12F0011C80B /* UIImage+Edit.m */; };
		4DA329601633D00A0011C80B /* NetworkViewController.m in Sources */ = {isa = PBXBuildFile; fileRef = 4DA3295F1633D00A0011C80B /* NetworkViewController.m */; };
/* End PBXBuildFile section */

/* Begin PBXContainerItemProxy section */
		4DA197171631882D002FDA09 /* PBXContainerItemProxy */ = {
			isa = PBXContainerItemProxy;
			containerPortal = 4DA196E81631882D002FDA09 /* Project object */;
			proxyType = 1;
			remoteGlobalIDString = 4DA196F01631882D002FDA09;
			remoteInfo = UtilTest;
		};
/* End PBXContainerItemProxy section */

/* Begin PBXFileReference section */
		4D9C7361163A80180090A150 /* RegexKitLite.h */ = {isa = PBXFileReference; fileEncoding = 4; lastKnownFileType = sourcecode.c.h; path = RegexKitLite.h; sourceTree = "<group>"; };
		4D9C7362163A80180090A150 /* RegexKitLite.m */ = {isa = PBXFileReference; fileEncoding = 4; lastKnownFileType = sourcecode.c.objc; path = RegexKitLite.m; sourceTree = "<group>"; };
		4D9C7365163A80590090A150 /* README */ = {isa = PBXFileReference; fileEncoding = 4; lastKnownFileType = text; path = README; sourceTree = "<group>"; };
		4DA193E216341BC400325372 /* FileUtil.h */ = {isa = PBXFileReference; fileEncoding = 4; lastKnownFileType = sourcecode.c.h; path = FileUtil.h; sourceTree = "<group>"; };
		4DA193E316341BC400325372 /* FileUtil.m */ = {isa = PBXFileReference; fileEncoding = 4; lastKnownFileType = sourcecode.c.objc; path = FileUtil.m; sourceTree = "<group>"; };
		4DA193E71634234700325372 /* FMDatabase.h */ = {isa = PBXFileReference; fileEncoding = 4; lastKnownFileType = sourcecode.c.h; path = FMDatabase.h; sourceTree = "<group>"; };
		4DA193E81634234700325372 /* FMDatabase.m */ = {isa = PBXFileReference; fileEncoding = 4; lastKnownFileType = sourcecode.c.objc; path = FMDatabase.m; sourceTree = "<group>"; };
		4DA193E91634234700325372 /* FMDatabaseAdditions.h */ = {isa = PBXFileReference; fileEncoding = 4; lastKnownFileType = sourcecode.c.h; path = FMDatabaseAdditions.h; sourceTree = "<group>"; };
		4DA193EA1634234700325372 /* FMDatabaseAdditions.m */ = {isa = PBXFileReference; fileEncoding = 4; lastKnownFileType = sourcecode.c.objc; path = FMDatabaseAdditions.m; sourceTree = "<group>"; };
		4DA193EB1634234700325372 /* FMDatabasePool.h */ = {isa = PBXFileReference; fileEncoding = 4; lastKnownFileType = sourcecode.c.h; path = FMDatabasePool.h; sourceTree = "<group>"; };
		4DA193EC1634234700325372 /* FMDatabasePool.m */ = {isa = PBXFileReference; fileEncoding = 4; lastKnownFileType = sourcecode.c.objc; path = FMDatabasePool.m; sourceTree = "<group>"; };
		4DA193ED1634234700325372 /* FMDatabaseQueue.h */ = {isa = PBXFileReference; fileEncoding = 4; lastKnownFileType = sourcecode.c.h; path = FMDatabaseQueue.h; sourceTree = "<group>"; };
		4DA193EE1634234700325372 /* FMDatabaseQueue.m */ = {isa = PBXFileReference; fileEncoding = 4; lastKnownFileType = sourcecode.c.objc; path = FMDatabaseQueue.m; sourceTree = "<group>"; };
		4DA193EF1634234700325372 /* FMResultSet.h */ = {isa = PBXFileReference; fileEncoding = 4; lastKnownFileType = sourcecode.c.h; path = FMResultSet.h; sourceTree = "<group>"; };
		4DA193F01634234700325372 /* FMResultSet.m */ = {isa = PBXFileReference; fileEncoding = 4; lastKnownFileType = sourcecode.c.objc; path = FMResultSet.m; sourceTree = "<group>"; };
		4DA196F11631882D002FDA09 /* UtilTest.app */ = {isa = PBXFileReference; explicitFileType = wrapper.application; includeInIndex = 0; path = UtilTest.app; sourceTree = BUILT_PRODUCTS_DIR; };
		4DA196F51631882D002FDA09 /* UIKit.framework */ = {isa = PBXFileReference; lastKnownFileType = wrapper.framework; name = UIKit.framework; path = System/Library/Frameworks/UIKit.framework; sourceTree = SDKROOT; };
		4DA196F71631882D002FDA09 /* Foundation.framework */ = {isa = PBXFileReference; lastKnownFileType = wrapper.framework; name = Foundation.framework; path = System/Library/Frameworks/Foundation.framework; sourceTree = SDKROOT; };
		4DA196F91631882D002FDA09 /* CoreGraphics.framework */ = {isa = PBXFileReference; lastKnownFileType = wrapper.framework; name = CoreGraphics.framework; path = System/Library/Frameworks/CoreGraphics.framework; sourceTree = SDKROOT; };
		4DA196FD1631882D002FDA09 /* UtilTest-Info.plist */ = {isa = PBXFileReference; lastKnownFileType = text.plist.xml; path = "UtilTest-Info.plist"; sourceTree = "<group>"; };
		4DA196FF1631882D002FDA09 /* en */ = {isa = PBXFileReference; lastKnownFileType = text.plist.strings; name = en; path = en.lproj/InfoPlist.strings; sourceTree = "<group>"; };
		4DA197011631882D002FDA09 /* main.m */ = {isa = PBXFileReference; lastKnownFileType = sourcecode.c.objc; path = main.m; sourceTree = "<group>"; };
		4DA197031631882D002FDA09 /* UtilTest-Prefix.pch */ = {isa = PBXFileReference; lastKnownFileType = sourcecode.c.h; path = "UtilTest-Prefix.pch"; sourceTree = "<group>"; };
		4DA197041631882D002FDA09 /* AppDelegate.h */ = {isa = PBXFileReference; lastKnownFileType = sourcecode.c.h; path = AppDelegate.h; sourceTree = "<group>"; };
		4DA197051631882D002FDA09 /* AppDelegate.m */ = {isa = PBXFileReference; lastKnownFileType = sourcecode.c.objc; path = AppDelegate.m; sourceTree = "<group>"; };
		4DA197081631882D002FDA09 /* en */ = {isa = PBXFileReference; lastKnownFileType = file.storyboard; name = en; path = en.lproj/MainStoryboard.storyboard; sourceTree = "<group>"; };
		4DA1970A1631882D002FDA09 /* ViewController.h */ = {isa = PBXFileReference; lastKnownFileType = sourcecode.c.h; path = ViewController.h; sourceTree = "<group>"; };
		4DA1970B1631882D002FDA09 /* ViewController.m */ = {isa = PBXFileReference; lastKnownFileType = sourcecode.c.objc; path = ViewController.m; sourceTree = "<group>"; };
		4DA197121631882D002FDA09 /* UtilTestTests.octest */ = {isa = PBXFileReference; explicitFileType = wrapper.cfbundle; includeInIndex = 0; path = UtilTestTests.octest; sourceTree = BUILT_PRODUCTS_DIR; };
		4DA197131631882D002FDA09 /* SenTestingKit.framework */ = {isa = PBXFileReference; lastKnownFileType = wrapper.framework; name = SenTestingKit.framework; path = Library/Frameworks/SenTestingKit.framework; sourceTree = DEVELOPER_DIR; };
		4DA1971B1631882D002FDA09 /* UtilTestTests-Info.plist */ = {isa = PBXFileReference; lastKnownFileType = text.plist.xml; path = "UtilTestTests-Info.plist"; sourceTree = "<group>"; };
		4DA1971D1631882D002FDA09 /* en */ = {isa = PBXFileReference; lastKnownFileType = text.plist.strings; name = en; path = en.lproj/InfoPlist.strings; sourceTree = "<group>"; };
		4DA1971F1631882D002FDA09 /* UtilTestTests.h */ = {isa = PBXFileReference; lastKnownFileType = sourcecode.c.h; path = UtilTestTests.h; sourceTree = "<group>"; };
		4DA197201631882D002FDA09 /* UtilTestTests.m */ = {isa = PBXFileReference; lastKnownFileType = sourcecode.c.objc; path = UtilTestTests.m; sourceTree = "<group>"; };
		4DA1972E163188E4002FDA09 /* SimpleNetwork.h */ = {isa = PBXFileReference; fileEncoding = 4; lastKnownFileType = sourcecode.c.h; path = SimpleNetwork.h; sourceTree = "<group>"; };
		4DA1972F163188E4002FDA09 /* SimpleNetwork.m */ = {isa = PBXFileReference; fileEncoding = 4; lastKnownFileType = sourcecode.c.objc; path = SimpleNetwork.m; sourceTree = "<group>"; };
		4DA1973116318A45002FDA09 /* Base64Util.h */ = {isa = PBXFileReference; fileEncoding = 4; lastKnownFileType = sourcecode.c.h; path = Base64Util.h; sourceTree = "<group>"; };
		4DA1973216318A45002FDA09 /* Base64Util.m */ = {isa = PBXFileReference; fileEncoding = 4; lastKnownFileType = sourcecode.c.objc; path = Base64Util.m; sourceTree = "<group>"; };
		4DA1973B16318C83002FDA09 /* UserSettingUtil.h */ = {isa = PBXFileReference; fileEncoding = 4; lastKnownFileType = sourcecode.c.h; path = UserSettingUtil.h; sourceTree = "<group>"; };
		4DA1973C16318C83002FDA09 /* UserSettingUtil.m */ = {isa = PBXFileReference; fileEncoding = 4; lastKnownFileType = sourcecode.c.objc; path = UserSettingUtil.m; sourceTree = "<group>"; };
		4DA19741163199F3002FDA09 /* BSD-LICENSE */ = {isa = PBXFileReference; fileEncoding = 4; lastKnownFileType = text; path = "BSD-LICENSE"; sourceTree = "<group>"; };
		4DA19742163199F3002FDA09 /* R9AppDelegate.h */ = {isa = PBXFileReference; fileEncoding = 4; lastKnownFileType = sourcecode.c.h; path = R9AppDelegate.h; sourceTree = "<group>"; };
		4DA19743163199F3002FDA09 /* R9AppDelegate.m */ = {isa = PBXFileReference; fileEncoding = 4; lastKnownFileType = sourcecode.c.objc; path = R9AppDelegate.m; sourceTree = "<group>"; };
		4DA19744163199F3002FDA09 /* R9HTTPRequest.h */ = {isa = PBXFileReference; fileEncoding = 4; lastKnownFileType = sourcecode.c.h; path = R9HTTPRequest.h; sourceTree = "<group>"; };
		4DA19745163199F3002FDA09 /* R9HTTPRequest.m */ = {isa = PBXFileReference; fileEncoding = 4; lastKnownFileType = sourcecode.c.objc; path = R9HTTPRequest.m; sourceTree = "<group>"; };
		4DA19747163199F3002FDA09 /* SFHFKeychainUtils.h */ = {isa = PBXFileReference; fileEncoding = 4; lastKnownFileType = sourcecode.c.h; path = SFHFKeychainUtils.h; sourceTree = "<group>"; };
		4DA19748163199F3002FDA09 /* SFHFKeychainUtils.m */ = {isa = PBXFileReference; fileEncoding = 4; lastKnownFileType = sourcecode.c.objc; path = SFHFKeychainUtils.m; sourceTree = "<group>"; };
		4DA1974D16319C54002FDA09 /* MIT-LICENSE */ = {isa = PBXFileReference; fileEncoding = 4; lastKnownFileType = text; path = "MIT-LICENSE"; sourceTree = "<group>"; };
		4DA1974F1631A5DC002FDA09 /* SystemConfiguration.framework */ = {isa = PBXFileReference; lastKnownFileType = wrapper.framework; name = SystemConfiguration.framework; path = System/Library/Frameworks/SystemConfiguration.framework; sourceTree = SDKROOT; };
		4DA197511631A60C002FDA09 /* Security.framework */ = {isa = PBXFileReference; lastKnownFileType = wrapper.framework; name = Security.framework; path = System/Library/Frameworks/Security.framework; sourceTree = SDKROOT; };
		4DA197531631A632002FDA09 /* ReadMe */ = {isa = PBXFileReference; fileEncoding = 4; lastKnownFileType = text; path = ReadMe; sourceTree = "<group>"; };
		4DA197561631AEFA002FDA09 /* NSString+Validate.h */ = {isa = PBXFileReference; fileEncoding = 4; lastKnownFileType = sourcecode.c.h; path = "NSString+Validate.h"; sourceTree = "<group>"; };
		4DA197571631AEFA002FDA09 /* NSString+Validate.m */ = {isa = PBXFileReference; fileEncoding = 4; lastKnownFileType = sourcecode.c.objc; path = "NSString+Validate.m"; sourceTree = "<group>"; };
		4DA253EE163588090049946F /* README */ = {isa = PBXFileReference; fileEncoding = 4; lastKnownFileType = text; path = README; sourceTree = "<group>"; };
		4DA253F0163588480049946F /* libsqlite3.0.dylib */ = {isa = PBXFileReference; lastKnownFileType = "compiled.mach-o.dylib"; name = libsqlite3.0.dylib; path = usr/lib/libsqlite3.0.dylib; sourceTree = SDKROOT; };
		4DA2F4BA1636CBA5007325ED /* SimpleDBManager.h */ = {isa = PBXFileReference; fileEncoding = 4; lastKnownFileType = sourcecode.c.h; name = SimpleDBManager.h; path = DB/SimpleDBManager.h; sourceTree = "<group>"; };
		4DA2F4BB1636CBA6007325ED /* SimpleDBManager.m */ = {isa = PBXFileReference; fileEncoding = 4; lastKnownFileType = sourcecode.c.objc; name = SimpleDBManager.m; path = DB/SimpleDBManager.m; sourceTree = "<group>"; };
		4DA2F4BE1636CDB8007325ED /* DataTableViewController.h */ = {isa = PBXFileReference; fileEncoding = 4; lastKnownFileType = sourcecode.c.h; path = DataTableViewController.h; sourceTree = "<group>"; };
		4DA2F4BF1636CDB8007325ED /* DataTableViewController.m */ = {isa = PBXFileReference; fileEncoding = 4; lastKnownFileType = sourcecode.c.objc; path = DataTableViewController.m; sourceTree = "<group>"; };
		4DA329521633B12F0011C80B /* UIImage+Edit.h */ = {isa = PBXFileReference; fileEncoding = 4; lastKnownFileType = sourcecode.c.h; path = "UIImage+Edit.h"; sourceTree = "<group>"; };
		4DA329531633B12F0011C80B /* UIImage+Edit.m */ = {isa = PBXFileReference; fileEncoding = 4; lastKnownFileType = sourcecode.c.objc; path = "UIImage+Edit.m"; sourceTree = "<group>"; };
		4DA3295E1633D00A0011C80B /* NetworkViewController.h */ = {isa = PBXFileReference; fileEncoding = 4; lastKnownFileType = sourcecode.c.h; name = NetworkViewController.h; path = ../NetworkViewController.h; sourceTree = "<group>"; };
		4DA3295F1633D00A0011C80B /* NetworkViewController.m */ = {isa = PBXFileReference; fileEncoding = 4; lastKnownFileType = sourcecode.c.objc; name = NetworkViewController.m; path = ../NetworkViewController.m; sourceTree = "<group>"; };
/* End PBXFileReference section */

/* Begin PBXFrameworksBuildPhase section */
		4DA196EE1631882D002FDA09 /* Frameworks */ = {
			isa = PBXFrameworksBuildPhase;
			buildActionMask = 2147483647;
			files = (
				4DA253F1163588480049946F /* libsqlite3.0.dylib in Frameworks */,
				4DA197521631A60C002FDA09 /* Security.framework in Frameworks */,
				4DA197501631A5DC002FDA09 /* SystemConfiguration.framework in Frameworks */,
				4DA196F61631882D002FDA09 /* UIKit.framework in Frameworks */,
				4DA196F81631882D002FDA09 /* Foundation.framework in Frameworks */,
				4DA196FA1631882D002FDA09 /* CoreGraphics.framework in Frameworks */,
			);
			runOnlyForDeploymentPostprocessing = 0;
		};
		4DA1970E1631882D002FDA09 /* Frameworks */ = {
			isa = PBXFrameworksBuildPhase;
			buildActionMask = 2147483647;
			files = (
				4DA197141631882D002FDA09 /* SenTestingKit.framework in Frameworks */,
				4DA197151631882D002FDA09 /* UIKit.framework in Frameworks */,
				4DA197161631882D002FDA09 /* Foundation.framework in Frameworks */,
			);
			runOnlyForDeploymentPostprocessing = 0;
		};
/* End PBXFrameworksBuildPhase section */

/* Begin PBXGroup section */
		4D9C7360163A80180090A150 /* RegexKitLite */ = {
			isa = PBXGroup;
			children = (
				4D9C7361163A80180090A150 /* RegexKitLite.h */,
				4D9C7362163A80180090A150 /* RegexKitLite.m */,
				4D9C7365163A80590090A150 /* README */,
			);
			path = RegexKitLite;
			sourceTree = "<group>";
		};
		4DA193E116341BC400325372 /* File */ = {
			isa = PBXGroup;
			children = (
				4DA193E216341BC400325372 /* FileUtil.h */,
				4DA193E316341BC400325372 /* FileUtil.m */,
			);
			path = File;
			sourceTree = "<group>";
		};
		4DA193E61634234700325372 /* DB */ = {
			isa = PBXGroup;
			children = (
				4DA193E71634234700325372 /* FMDatabase.h */,
				4DA193E81634234700325372 /* FMDatabase.m */,
				4DA193E91634234700325372 /* FMDatabaseAdditions.h */,
				4DA193EA1634234700325372 /* FMDatabaseAdditions.m */,
				4DA193EB1634234700325372 /* FMDatabasePool.h */,
				4DA193EC1634234700325372 /* FMDatabasePool.m */,
				4DA193ED1634234700325372 /* FMDatabaseQueue.h */,
				4DA193EE1634234700325372 /* FMDatabaseQueue.m */,
				4DA193EF1634234700325372 /* FMResultSet.h */,
				4DA193F01634234700325372 /* FMResultSet.m */,
				4DA253EE163588090049946F /* README */,
			);
			name = DB;
			path = ../DB;
			sourceTree = "<group>";
		};
		4DA196E61631882D002FDA09 = {
			isa = PBXGroup;
			children = (
				4DA253F0163588480049946F /* libsqlite3.0.dylib */,
				4DA197511631A60C002FDA09 /* Security.framework */,
				4DA1974F1631A5DC002FDA09 /* SystemConfiguration.framework */,
				4DA196FB1631882D002FDA09 /* UtilTest */,
				4DA197191631882D002FDA09 /* UtilTestTests */,
				4DA196F41631882D002FDA09 /* Frameworks */,
				4DA196F21631882D002FDA09 /* Products */,
			);
			sourceTree = "<group>";
		};
		4DA196F21631882D002FDA09 /* Products */ = {
			isa = PBXGroup;
			children = (
				4DA196F11631882D002FDA09 /* UtilTest.app */,
				4DA197121631882D002FDA09 /* UtilTestTests.octest */,
			);
			name = Products;
			sourceTree = "<group>";
		};
		4DA196F41631882D002FDA09 /* Frameworks */ = {
			isa = PBXGroup;
			children = (
				4DA196F51631882D002FDA09 /* UIKit.framework */,
				4DA196F71631882D002FDA09 /* Foundation.framework */,
				4DA196F91631882D002FDA09 /* CoreGraphics.framework */,
				4DA197131631882D002FDA09 /* SenTestingKit.framework */,
			);
			name = Frameworks;
			sourceTree = "<group>";
		};
		4DA196FB1631882D002FDA09 /* UtilTest */ = {
			isa = PBXGroup;
			children = (
				4DA2F4C31636CE1D007325ED /* ViewController */,
				4DA2F4C11636CDF1007325ED /* Util */,
				4DA197551631AED3002FDA09 /* Category */,
				4DA1973F163199F3002FDA09 /* Library */,
				4DA197041631882D002FDA09 /* AppDelegate.h */,
				4DA197051631882D002FDA09 /* AppDelegate.m */,
				4DA197071631882D002FDA09 /* MainStoryboard.storyboard */,
				4DA196FC1631882D002FDA09 /* Supporting Files */,
			);
			path = UtilTest;
			sourceTree = "<group>";
		};
		4DA196FC1631882D002FDA09 /* Supporting Files */ = {
			isa = PBXGroup;
			children = (
				4DA196FD1631882D002FDA09 /* UtilTest-Info.plist */,
				4DA196FE1631882D002FDA09 /* InfoPlist.strings */,
				4DA197011631882D002FDA09 /* main.m */,
				4DA197031631882D002FDA09 /* UtilTest-Prefix.pch */,
			);
			name = "Supporting Files";
			sourceTree = "<group>";
		};
		4DA197191631882D002FDA09 /* UtilTestTests */ = {
			isa = PBXGroup;
			children = (
				4DA1971F1631882D002FDA09 /* UtilTestTests.h */,
				4DA197201631882D002FDA09 /* UtilTestTests.m */,
				4DA1971A1631882D002FDA09 /* Supporting Files */,
			);
			path = UtilTestTests;
			sourceTree = "<group>";
		};
		4DA1971A1631882D002FDA09 /* Supporting Files */ = {
			isa = PBXGroup;
			children = (
				4DA1971B1631882D002FDA09 /* UtilTestTests-Info.plist */,
				4DA1971C1631882D002FDA09 /* InfoPlist.strings */,
			);
			name = "Supporting Files";
			sourceTree = "<group>";
		};
		4DA1972A163188C0002FDA09 /* Network */ = {
			isa = PBXGroup;
			children = (
				4DA1972E163188E4002FDA09 /* SimpleNetwork.h */,
				4DA1972F163188E4002FDA09 /* SimpleNetwork.m */,
				4DA1973116318A45002FDA09 /* Base64Util.h */,
				4DA1973216318A45002FDA09 /* Base64Util.m */,
			);
			path = Network;
			sourceTree = "<group>";
		};
		4DA1973816318C83002FDA09 /* UserSetting */ = {
			isa = PBXGroup;
			children = (
				4DA1973B16318C83002FDA09 /* UserSettingUtil.h */,
				4DA1973C16318C83002FDA09 /* UserSettingUtil.m */,
			);
			path = UserSetting;
			sourceTree = "<group>";
		};
		4DA1973F163199F3002FDA09 /* Library */ = {
			isa = PBXGroup;
			children = (
				4D9C7360163A80180090A150 /* RegexKitLite */,
				4DA193E61634234700325372 /* DB */,
				4DA19740163199F3002FDA09 /* R9HTTPRequest */,
				4DA19746163199F3002FDA09 /* SFHFKeychainUtils */,
			);
			path = Library;
			sourceTree = "<group>";
		};
		4DA19740163199F3002FDA09 /* R9HTTPRequest */ = {
			isa = PBXGroup;
			children = (
				4DA19741163199F3002FDA09 /* BSD-LICENSE */,
				4DA19742163199F3002FDA09 /* R9AppDelegate.h */,
				4DA19743163199F3002FDA09 /* R9AppDelegate.m */,
				4DA19744163199F3002FDA09 /* R9HTTPRequest.h */,
				4DA19745163199F3002FDA09 /* R9HTTPRequest.m */,
			);
			path = R9HTTPRequest;
			sourceTree = "<group>";
		};
		4DA19746163199F3002FDA09 /* SFHFKeychainUtils */ = {
			isa = PBXGroup;
			children = (
				4DA19747163199F3002FDA09 /* SFHFKeychainUtils.h */,
				4DA19748163199F3002FDA09 /* SFHFKeychainUtils.m */,
				4DA1974D16319C54002FDA09 /* MIT-LICENSE */,
				4DA197531631A632002FDA09 /* ReadMe */,
			);
			path = SFHFKeychainUtils;
			sourceTree = "<group>";
		};
		4DA197551631AED3002FDA09 /* Category */ = {
			isa = PBXGroup;
			children = (
				4DA197561631AEFA002FDA09 /* NSString+Validate.h */,
				4DA197571631AEFA002FDA09 /* NSString+Validate.m */,
				4DA329521633B12F0011C80B /* UIImage+Edit.h */,
				4DA329531633B12F0011C80B /* UIImage+Edit.m */,
			);
			name = Category;
			sourceTree = "<group>";
		};
		4DA2F4C11636CDF1007325ED /* Util */ = {
			isa = PBXGroup;
			children = (
				4DA2F4C21636CE0B007325ED /* DB */,
				4DA1973816318C83002FDA09 /* UserSetting */,
				4DA193E116341BC400325372 /* File */,
				4DA1972A163188C0002FDA09 /* Network */,
			);
			name = Util;
			sourceTree = "<group>";
		};
		4DA2F4C21636CE0B007325ED /* DB */ = {
			isa = PBXGroup;
			children = (
				4DA2F4BA1636CBA5007325ED /* SimpleDBManager.h */,
				4DA2F4BB1636CBA6007325ED /* SimpleDBManager.m */,
			);
			name = DB;
			sourceTree = "<group>";
		};
		4DA2F4C31636CE1D007325ED /* ViewController */ = {
			isa = PBXGroup;
			children = (
				4DA2F4BE1636CDB8007325ED /* DataTableViewController.h */,
				4DA2F4BF1636CDB8007325ED /* DataTableViewController.m */,
				4DA1970A1631882D002FDA09 /* ViewController.h */,
				4DA1970B1631882D002FDA09 /* ViewController.m */,
				4DA3295E1633D00A0011C80B /* NetworkViewController.h */,
				4DA3295F1633D00A0011C80B /* NetworkViewController.m */,
			);
			name = ViewController;
			sourceTree = "<group>";
		};
/* End PBXGroup section */

/* Begin PBXNativeTarget section */
		4DA196F01631882D002FDA09 /* UtilTest */ = {
			isa = PBXNativeTarget;
			buildConfigurationList = 4DA197241631882D002FDA09 /* Build configuration list for PBXNativeTarget "UtilTest" */;
			buildPhases = (
				4DA196ED1631882D002FDA09 /* Sources */,
				4DA196EE1631882D002FDA09 /* Frameworks */,
				4DA196EF1631882D002FDA09 /* Resources */,
			);
			buildRules = (
			);
			dependencies = (
			);
			name = UtilTest;
			productName = UtilTest;
			productReference = 4DA196F11631882D002FDA09 /* UtilTest.app */;
			productType = "com.apple.product-type.application";
		};
		4DA197111631882D002FDA09 /* UtilTestTests */ = {
			isa = PBXNativeTarget;
			buildConfigurationList = 4DA197271631882D002FDA09 /* Build configuration list for PBXNativeTarget "UtilTestTests" */;
			buildPhases = (
				4DA1970D1631882D002FDA09 /* Sources */,
				4DA1970E1631882D002FDA09 /* Frameworks */,
				4DA1970F1631882D002FDA09 /* Resources */,
				4DA197101631882D002FDA09 /* ShellScript */,
			);
			buildRules = (
			);
			dependencies = (
				4DA197181631882D002FDA09 /* PBXTargetDependency */,
			);
			name = UtilTestTests;
			productName = UtilTestTests;
			productReference = 4DA197121631882D002FDA09 /* UtilTestTests.octest */;
			productType = "com.apple.product-type.bundle";
		};
/* End PBXNativeTarget section */

/* Begin PBXProject section */
		4DA196E81631882D002FDA09 /* Project object */ = {
			isa = PBXProject;
			attributes = {
				LastUpgradeCheck = 0440;
				ORGANIZATIONNAME = "高橋 勲";
			};
			buildConfigurationList = 4DA196EB1631882D002FDA09 /* Build configuration list for PBXProject "UtilTest" */;
			compatibilityVersion = "Xcode 3.2";
			developmentRegion = English;
			hasScannedForEncodings = 0;
			knownRegions = (
				en,
			);
			mainGroup = 4DA196E61631882D002FDA09;
			productRefGroup = 4DA196F21631882D002FDA09 /* Products */;
			projectDirPath = "";
			projectRoot = "";
			targets = (
				4DA196F01631882D002FDA09 /* UtilTest */,
				4DA197111631882D002FDA09 /* UtilTestTests */,
			);
		};
/* End PBXProject section */

/* Begin PBXResourcesBuildPhase section */
		4DA196EF1631882D002FDA09 /* Resources */ = {
			isa = PBXResourcesBuildPhase;
			buildActionMask = 2147483647;
			files = (
				4DA197001631882D002FDA09 /* InfoPlist.strings in Resources */,
				4DA197091631882D002FDA09 /* MainStoryboard.storyboard in Resources */,
				4DA19749163199F3002FDA09 /* BSD-LICENSE in Resources */,
				4DA1974E16319C54002FDA09 /* MIT-LICENSE in Resources */,
				4DA197541631A632002FDA09 /* ReadMe in Resources */,
				4DA253EF163588090049946F /* README in Resources */,
				4D9C7366163A80590090A150 /* README in Resources */,
			);
			runOnlyForDeploymentPostprocessing = 0;
		};
		4DA1970F1631882D002FDA09 /* Resources */ = {
			isa = PBXResourcesBuildPhase;
			buildActionMask = 2147483647;
			files = (
				4DA1971E1631882D002FDA09 /* InfoPlist.strings in Resources */,
			);
			runOnlyForDeploymentPostprocessing = 0;
		};
/* End PBXResourcesBuildPhase section */

/* Begin PBXShellScriptBuildPhase section */
		4DA197101631882D002FDA09 /* ShellScript */ = {
			isa = PBXShellScriptBuildPhase;
			buildActionMask = 2147483647;
			files = (
			);
			inputPaths = (
			);
			outputPaths = (
			);
			runOnlyForDeploymentPostprocessing = 0;
			shellPath = /bin/sh;
			shellScript = "# Run the unit tests in this test bundle.\n\"${SYSTEM_DEVELOPER_DIR}/Tools/RunUnitTests\"\n";
		};
/* End PBXShellScriptBuildPhase section */

/* Begin PBXSourcesBuildPhase section */
		4DA196ED1631882D002FDA09 /* Sources */ = {
			isa = PBXSourcesBuildPhase;
			buildActionMask = 2147483647;
			files = (
				4DA197021631882D002FDA09 /* main.m in Sources */,
				4DA197061631882D002FDA09 /* AppDelegate.m in Sources */,
				4DA1970C1631882D002FDA09 /* ViewController.m in Sources */,
				4DA19730163188E4002FDA09 /* SimpleNetwork.m in Sources */,
				4DA1973316318A45002FDA09 /* Base64Util.m in Sources */,
				4DA1973E16318C83002FDA09 /* UserSettingUtil.m in Sources */,
				4DA1974A163199F3002FDA09 /* R9AppDelegate.m in Sources */,
				4DA1974B163199F3002FDA09 /* R9HTTPRequest.m in Sources */,
				4DA1974C163199F3002FDA09 /* SFHFKeychainUtils.m in Sources */,
				4DA197581631AEFA002FDA09 /* NSString+Validate.m in Sources */,
				4DA329541633B12F0011C80B /* UIImage+Edit.m in Sources */,
				4DA329601633D00A0011C80B /* NetworkViewController.m in Sources */,
				4DA193E416341BC400325372 /* FileUtil.m in Sources */,
				4DA193F11634234700325372 /* FMDatabase.m in Sources */,
				4DA193F21634234700325372 /* FMDatabaseAdditions.m in Sources */,
				4DA193F31634234700325372 /* FMDatabasePool.m in Sources */,
				4DA193F41634234700325372 /* FMDatabaseQueue.m in Sources */,
				4DA193F51634234700325372 /* FMResultSet.m in Sources */,
				4DA2F4BC1636CBA6007325ED /* SimpleDBManager.m in Sources */,
				4DA2F4C01636CDB8007325ED /* DataTableViewController.m in Sources */,
				4D9C7363163A80180090A150 /* RegexKitLite.m in Sources */,
			);
			runOnlyForDeploymentPostprocessing = 0;
		};
		4DA1970D1631882D002FDA09 /* Sources */ = {
			isa = PBXSourcesBuildPhase;
			buildActionMask = 2147483647;
			files = (
				4DA197211631882D002FDA09 /* UtilTestTests.m in Sources */,
			);
			runOnlyForDeploymentPostprocessing = 0;
		};
/* End PBXSourcesBuildPhase section */

/* Begin PBXTargetDependency section */
		4DA197181631882D002FDA09 /* PBXTargetDependency */ = {
			isa = PBXTargetDependency;
			target = 4DA196F01631882D002FDA09 /* UtilTest */;
			targetProxy = 4DA197171631882D002FDA09 /* PBXContainerItemProxy */;
		};
/* End PBXTargetDependency section */

/* Begin PBXVariantGroup section */
		4DA196FE1631882D002FDA09 /* InfoPlist.strings */ = {
			isa = PBXVariantGroup;
			children = (
				4DA196FF1631882D002FDA09 /* en */,
			);
			name = InfoPlist.strings;
			sourceTree = "<group>";
		};
		4DA197071631882D002FDA09 /* MainStoryboard.storyboard */ = {
			isa = PBXVariantGroup;
			children = (
				4DA197081631882D002FDA09 /* en */,
			);
			name = MainStoryboard.storyboard;
			sourceTree = "<group>";
		};
		4DA1971C1631882D002FDA09 /* InfoPlist.strings */ = {
			isa = PBXVariantGroup;
			children = (
				4DA1971D1631882D002FDA09 /* en */,
			);
			name = InfoPlist.strings;
			sourceTree = "<group>";
		};
/* End PBXVariantGroup section */

/* Begin XCBuildConfiguration section */
		4DA197221631882D002FDA09 /* Debug */ = {
			isa = XCBuildConfiguration;
			buildSettings = {
				ALWAYS_SEARCH_USER_PATHS = NO;
				ARCHS = "$(ARCHS_STANDARD_32_BIT)";
				CLANG_CXX_LANGUAGE_STANDARD = "gnu++0x";
				CLANG_ENABLE_OBJC_ARC = YES;
				CLANG_WARN__DUPLICATE_METHOD_MATCH = YES;
				"CODE_SIGN_IDENTITY[sdk=iphoneos*]" = "iPhone Developer";
				COPY_PHASE_STRIP = NO;
				GCC_C_LANGUAGE_STANDARD = gnu99;
				GCC_DYNAMIC_NO_PIC = NO;
				GCC_OPTIMIZATION_LEVEL = 0;
				GCC_PREPROCESSOR_DEFINITIONS = (
					"DEBUG=1",
					"$(inherited)",
				);
				GCC_SYMBOLS_PRIVATE_EXTERN = NO;
				GCC_VERSION = com.apple.compilers.llvm.clang.1_0;
				GCC_WARN_ABOUT_RETURN_TYPE = YES;
				GCC_WARN_UNINITIALIZED_AUTOS = YES;
				GCC_WARN_UNUSED_VARIABLE = YES;
				IPHONEOS_DEPLOYMENT_TARGET = 5.1;
				SDKROOT = iphoneos;
			};
			name = Debug;
		};
		4DA197231631882D002FDA09 /* Release */ = {
			isa = XCBuildConfiguration;
			buildSettings = {
				ALWAYS_SEARCH_USER_PATHS = NO;
				ARCHS = "$(ARCHS_STANDARD_32_BIT)";
				CLANG_CXX_LANGUAGE_STANDARD = "gnu++0x";
				CLANG_ENABLE_OBJC_ARC = YES;
				CLANG_WARN__DUPLICATE_METHOD_MATCH = YES;
				"CODE_SIGN_IDENTITY[sdk=iphoneos*]" = "iPhone Developer";
				COPY_PHASE_STRIP = YES;
				GCC_C_LANGUAGE_STANDARD = gnu99;
				GCC_VERSION = com.apple.compilers.llvm.clang.1_0;
				GCC_WARN_ABOUT_RETURN_TYPE = YES;
				GCC_WARN_UNINITIALIZED_AUTOS = YES;
				GCC_WARN_UNUSED_VARIABLE = YES;
				IPHONEOS_DEPLOYMENT_TARGET = 5.1;
				OTHER_CFLAGS = "-DNS_BLOCK_ASSERTIONS=1";
				SDKROOT = iphoneos;
				VALIDATE_PRODUCT = YES;
			};
			name = Release;
		};
		4DA197251631882D002FDA09 /* Debug */ = {
			isa = XCBuildConfiguration;
			buildSettings = {
				CODE_SIGN_IDENTITY = "iPhone Developer: ISAO TAKAHASHI (KY95JE6J2Q)";
				GCC_PRECOMPILE_PREFIX_HEADER = YES;
				GCC_PREFIX_HEADER = "UtilTest/UtilTest-Prefix.pch";
				INFOPLIST_FILE = "UtilTest/UtilTest-Info.plist";
				"OTHER_LDFLAGS[arch=*]" = "-licucore";
				PRODUCT_NAME = "$(TARGET_NAME)";
				PROVISIONING_PROFILE = "FDBB1436-22CA-4B68-91F4-EB28F910D14A";
				WRAPPER_EXTENSION = app;
			};
			name = Debug;
		};
		4DA197261631882D002FDA09 /* Release */ = {
			isa = XCBuildConfiguration;
			buildSettings = {
				CODE_SIGN_IDENTITY = "iPhone Developer: ISAO TAKAHASHI (KY95JE6J2Q)";
				GCC_PRECOMPILE_PREFIX_HEADER = YES;
				GCC_PREFIX_HEADER = "UtilTest/UtilTest-Prefix.pch";
				INFOPLIST_FILE = "UtilTest/UtilTest-Info.plist";
				"OTHER_LDFLAGS[arch=*]" = "-licucore";
				PRODUCT_NAME = "$(TARGET_NAME)";
				PROVISIONING_PROFILE = "FDBB1436-22CA-4B68-91F4-EB28F910D14A";
				WRAPPER_EXTENSION = app;
			};
			name = Release;
		};
		4DA197281631882D002FDA09 /* Debug */ = {
			isa = XCBuildConfiguration;
			buildSettings = {
				BUNDLE_LOADER = "$(BUILT_PRODUCTS_DIR)/UtilTest.app/UtilTest";
				FRAMEWORK_SEARCH_PATHS = (
					"\"$(SDKROOT)/Developer/Library/Frameworks\"",
					"\"$(DEVELOPER_LIBRARY_DIR)/Frameworks\"",
				);
				GCC_PRECOMPILE_PREFIX_HEADER = YES;
				GCC_PREFIX_HEADER = "UtilTest/UtilTest-Prefix.pch";
				INFOPLIST_FILE = "UtilTestTests/UtilTestTests-Info.plist";
				PRODUCT_NAME = "$(TARGET_NAME)";
				TEST_HOST = "$(BUNDLE_LOADER)";
				WRAPPER_EXTENSION = octest;
			};
			name = Debug;
		};
		4DA197291631882D002FDA09 /* Release */ = {
			isa = XCBuildConfiguration;
			buildSettings = {
				BUNDLE_LOADER = "$(BUILT_PRODUCTS_DIR)/UtilTest.app/UtilTest";
				FRAMEWORK_SEARCH_PATHS = (
					"\"$(SDKROOT)/Developer/Library/Frameworks\"",
					"\"$(DEVELOPER_LIBRARY_DIR)/Frameworks\"",
				);
				GCC_PRECOMPILE_PREFIX_HEADER = YES;
				GCC_PREFIX_HEADER = "UtilTest/UtilTest-Prefix.pch";
				INFOPLIST_FILE = "UtilTestTests/UtilTestTests-Info.plist";
				PRODUCT_NAME = "$(TARGET_NAME)";
				TEST_HOST = "$(BUNDLE_LOADER)";
				WRAPPER_EXTENSION = octest;
			};
			name = Release;
		};
/* End XCBuildConfiguration section */

/* Begin XCConfigurationList section */
		4DA196EB1631882D002FDA09 /* Build configuration list for PBXProject "UtilTest" */ = {
			isa = XCConfigurationList;
			buildConfigurations = (
				4DA197221631882D002FDA09 /* Debug */,
				4DA197231631882D002FDA09 /* Release */,
			);
			defaultConfigurationIsVisible = 0;
			defaultConfigurationName = Release;
		};
		4DA197241631882D002FDA09 /* Build configuration list for PBXNativeTarget "UtilTest" */ = {
			isa = XCConfigurationList;
			buildConfigurations = (
				4DA197251631882D002FDA09 /* Debug */,
				4DA197261631882D002FDA09 /* Release */,
			);
			defaultConfigurationIsVisible = 0;
			defaultConfigurationName = Release;
		};
		4DA197271631882D002FDA09 /* Build configuration list for PBXNativeTarget "UtilTestTests" */ = {
			isa = XCConfigurationList;
			buildConfigurations = (
				4DA197281631882D002FDA09 /* Debug */,
				4DA197291631882D002FDA09 /* Release */,
			);
			defaultConfigurationIsVisible = 0;
			defaultConfigurationName = Release;
		};
/* End XCConfigurationList section */
	};
	rootObject = 4DA196E81631882D002FDA09 /* Project object */;
}
